{
  "requires": true,
  "lockfileVersion": 1,
  "dependencies": {
    "@types/node": {
      "version": "14.0.5",
      "resolved": "https://registry.npmjs.org/@types/node/-/node-14.0.5.tgz",
      "integrity": "sha512-90hiq6/VqtQgX8Sp0EzeIsv3r+ellbGj4URKj5j30tLlZvRUpnAe9YbYnjl3pJM93GyXU0tghHhvXHq+5rnCKA=="
    },
    "ngx-json-viewer": {
      "version": "2.4.0",
      "resolved": "https://registry.npmjs.org/ngx-json-viewer/-/ngx-json-viewer-2.4.0.tgz",
      "integrity": "sha512-26QmLp+0ds90aFug3KbSIwqtmQgCcJYFNNNcmcZHgPRj75nhKzbo4ceKxkhWmY5auKZClVO0HTZSs5bBhgb1Bw=="
    }
  }
}
